
Microsoft Visual Studio Solution File, Format Version 12.00
# Visual Studio Version 16
VisualStudioVersion = 16.0.34031.81
MinimumVisualStudioVersion = 10.0.40219.1
Project("{8BC9CEB8-8B4A-11D0-8D11-00A0C91BC942}") = "hw1116", "hw1116\hw1116.vcxproj", "{6CB081E1-8FA4-43C5-82CE-8B6EACDE4BFE}"
EndProject
Global
	GlobalSection(SolutionConfigurationPlatforms) = preSolution
		Debug|x64 = Debug|x64
		Debug|x86 = Debug|x86
		Release|x64 = Release|x64
		Release|x86 = Release|x86
	EndGlobalSection
	GlobalSection(ProjectConfigurationPlatforms) = postSolution
		{6CB081E1-8FA4-43C5-82CE-8B6EACDE4BFE}.Debug|x64.ActiveCfg = Debug|x64
		{6CB081E1-8FA4-43C5-82CE-8B6EACDE4BFE}.Debug|x64.Build.0 = Debug|x64
		{6CB081E1-8FA4-43C5-82CE-8B6EACDE4BFE}.Debug|x86.ActiveCfg = Debug|Win32
		{6CB081E1-8FA4-43C5-82CE-8B6EACDE4BFE}.Debug|x86.Build.0 = Debug|Win32
		{6CB081E1-8FA4-43C5-82CE-8B6EACDE4BFE}.Release|x64.ActiveCfg = Release|x64
		{6CB081E1-8FA4-43C5-82CE-8B6EACDE4BFE}.Release|x64.Build.0 = Release|x64
		{6CB081E1-8FA4-43C5-82CE-8B6EACDE4BFE}.Release|x86.ActiveCfg = Release|Win32
		{6CB081E1-8FA4-43C5-82CE-8B6EACDE4BFE}.Release|x86.Build.0 = Release|Win32
	EndGlobalSection
	GlobalSection(SolutionProperties) = preSolution
		HideSolutionNode = FALSE
	EndGlobalSection
	GlobalSection(ExtensibilityGlobals) = postSolution
		SolutionGuid = {0721D360-7800-4AD3-8163-5D80197F7446}
	EndGlobalSection
EndGlobal
